
Microsoft Visual Studio Solution File, Format Version 12.00
# Visual Studio Version 17
VisualStudioVersion = 17.4.33213.308
MinimumVisualStudioVersion = 10.0.40219.1
Project("{FAE04EC0-301F-11D3-BF4B-00C04F79EFBC}") = "Project1", "Project1\Project1.csproj", "{375AEE09-4480-4047-AAD8-7B344B2A381A}"
EndProject
Global
	GlobalSection(SolutionConfigurationPlatforms) = preSolution
		Debug|Any CPU = Debug|Any CPU
		Release|Any CPU = Release|Any CPU
	EndGlobalSection
	GlobalSection(ProjectConfigurationPlatforms) = postSolution
		{375AEE09-4480-4047-AAD8-7B344B2A381A}.Debug|Any CPU.ActiveCfg = Debug|Any CPU
		{375AEE09-4480-4047-AAD8-7B344B2A381A}.Debug|Any CPU.Build.0 = Debug|Any CPU
		{375AEE09-4480-4047-AAD8-7B344B2A381A}.Release|Any CPU.ActiveCfg = Release|Any CPU
		{375AEE09-4480-4047-AAD8-7B344B2A381A}.Release|Any CPU.Build.0 = Release|Any CPU
	EndGlobalSection
	GlobalSection(SolutionProperties) = preSolution
		HideSolutionNode = FALSE
	EndGlobalSection
	GlobalSection(ExtensibilityGlobals) = postSolution
		SolutionGuid = {F1674076-8CE8-4F84-9E0C-F4C118CC04C8}
	EndGlobalSection
EndGlobal
